// !$*UTF8*$!
{
	archiveVersion = 1;
	classes = {
	};
	objectVersion = 46;
	objects = {

/* Begin PBXBuildFile section */
		260CA29F1B7920660038839F /* main.m in Sources */ = {isa = PBXBuildFile; fileRef = 260CA29E1B7920660038839F /* main.m */; };
		260CA2A21B7920660038839F /* AppDelegate.m in Sources */ = {isa = PBXBuildFile; fileRef = 260CA2A11B7920660038839F /* AppDelegate.m */; };
		260CA2A51B7920660038839F /* ViewController.m in Sources */ = {isa = PBXBuildFile; fileRef = 260CA2A41B7920660038839F /* ViewController.m */; };
		260CA2A81B7920660038839F /* Main.storyboard in Resources */ = {isa = PBXBuildFile; fileRef = 260CA2A61B7920660038839F /* Main.storyboard */; };
		260CA2AA1B7920660038839F /* Images.xcassets in Resources */ = {isa = PBXBuildFile; fileRef = 260CA2A91B7920660038839F /* Images.xcassets */; };
		260CA2AD1B7920660038839F /* LaunchScreen.xib in Resources */ = {isa = PBXBuildFile; fileRef = 260CA2AB1B7920660038839F /* LaunchScreen.xib */; };
		260CA2B91B7920660038839F /* PermissionGatewayTests.m in Sources */ = {isa = PBXBuildFile; fileRef = 260CA2B81B7920660038839F /* PermissionGatewayTests.m */; };
		26499D3D1B7BBB8C00985D16 /* PGPermissionGateway.h in Headers */ = {isa = PBXBuildFile; fileRef = 26499D3C1B7BBB8C00985D16 /* PGPermissionGateway.h */; settings = {ATTRIBUTES = (Public, ); }; };
		26499D431B7BBB8C00985D16 /* PGPermissionGateway.framework in Frameworks */ = {isa = PBXBuildFile; fileRef = 26499D381B7BBB8C00985D16 /* PGPermissionGateway.framework */; };
		26499D4C1B7BBB8C00985D16 /* PGPermissionGatewayTests.m in Sources */ = {isa = PBXBuildFile; fileRef = 26499D4B1B7BBB8C00985D16 /* PGPermissionGatewayTests.m */; };
		26499D4F1B7BBB8C00985D16 /* PGPermissionGateway.framework in Frameworks */ = {isa = PBXBuildFile; fileRef = 26499D381B7BBB8C00985D16 /* PGPermissionGateway.framework */; };
		26499D501B7BBB8C00985D16 /* PGPermissionGateway.framework in Embed Frameworks */ = {isa = PBXBuildFile; fileRef = 26499D381B7BBB8C00985D16 /* PGPermissionGateway.framework */; settings = {ATTRIBUTES = (CodeSignOnCopy, RemoveHeadersOnCopy, ); }; };
		26499D591B7BBBA600985D16 /* PGPermissionGatewayViewController.m in Sources */ = {isa = PBXBuildFile; fileRef = 260CA2C71B7939220038839F /* PGPermissionGatewayViewController.m */; };
		26499D5B1B7BBBA600985D16 /* PGPermissionGateway.m in Sources */ = {isa = PBXBuildFile; fileRef = 260CA2C41B7939010038839F /* PGPermissionGateway.m */; };
		26499D5C1B7BBBA600985D16 /* PermissionGateway.storyboard in Resources */ = {isa = PBXBuildFile; fileRef = 26499D311B7BBB7000985D16 /* PermissionGateway.storyboard */; };
		26499D5D1B7BBC1B00985D16 /* PGPermissionGatewayViewController.h in Headers */ = {isa = PBXBuildFile; fileRef = 260CA2C61B7939210038839F /* PGPermissionGatewayViewController.h */; settings = {ATTRIBUTES = (Public, ); }; };
		266547A71B7B286B00476CA3 /* Localizable.strings in Resources */ = {isa = PBXBuildFile; fileRef = 266547A91B7B286B00476CA3 /* Localizable.strings */; };
/* End PBXBuildFile section */

/* Begin PBXContainerItemProxy section */
		260CA2B31B7920660038839F /* PBXContainerItemProxy */ = {
			isa = PBXContainerItemProxy;
			containerPortal = 260CA2911B7920650038839F /* Project object */;
			proxyType = 1;
			remoteGlobalIDString = 260CA2981B7920660038839F;
			remoteInfo = PermissionGateway;
		};
		26499D441B7BBB8C00985D16 /* PBXContainerItemProxy */ = {
			isa = PBXContainerItemProxy;
			containerPortal = 260CA2911B7920650038839F /* Project object */;
			proxyType = 1;
			remoteGlobalIDString = 26499D371B7BBB8C00985D16;
			remoteInfo = PGPermissionGateway;
		};
		26499D461B7BBB8C00985D16 /* PBXContainerItemProxy */ = {
			isa = PBXContainerItemProxy;
			containerPortal = 260CA2911B7920650038839F /* Project object */;
			proxyType = 1;
			remoteGlobalIDString = 260CA2981B7920660038839F;
			remoteInfo = PermissionGateway;
		};
		26499D4D1B7BBB8C00985D16 /* PBXContainerItemProxy */ = {
			isa = PBXContainerItemProxy;
			containerPortal = 260CA2911B7920650038839F /* Project object */;
			proxyType = 1;
			remoteGlobalIDString = 26499D371B7BBB8C00985D16;
			remoteInfo = PGPermissionGateway;
		};
/* End PBXContainerItemProxy section */

/* Begin PBXCopyFilesBuildPhase section */
		26499D541B7BBB8C00985D16 /* Embed Frameworks */ = {
			isa = PBXCopyFilesBuildPhase;
			buildActionMask = 2147483647;
			dstPath = "";
			dstSubfolderSpec = 10;
			files = (
				26499D501B7BBB8C00985D16 /* PGPermissionGateway.framework in Embed Frameworks */,
			);
			name = "Embed Frameworks";
			runOnlyForDeploymentPostprocessing = 0;
		};
/* End PBXCopyFilesBuildPhase section */

/* Begin PBXFileReference section */
		260CA2991B7920660038839F /* PermissionGateway.app */ = {isa = PBXFileReference; explicitFileType = wrapper.application; includeInIndex = 0; path = PermissionGateway.app; sourceTree = BUILT_PRODUCTS_DIR; };
		260CA29D1B7920660038839F /* Info.plist */ = {isa = PBXFileReference; lastKnownFileType = text.plist.xml; path = Info.plist; sourceTree = "<group>"; };
		260CA29E1B7920660038839F /* main.m */ = {isa = PBXFileReference; lastKnownFileType = sourcecode.c.objc; path = main.m; sourceTree = "<group>"; };
		260CA2A01B7920660038839F /* AppDelegate.h */ = {isa = PBXFileReference; lastKnownFileType = sourcecode.c.h; path = AppDelegate.h; sourceTree = "<group>"; };
		260CA2A11B7920660038839F /* AppDelegate.m */ = {isa = PBXFileReference; lastKnownFileType = sourcecode.c.objc; path = AppDelegate.m; sourceTree = "<group>"; };
		260CA2A31B7920660038839F /* ViewController.h */ = {isa = PBXFileReference; lastKnownFileType = sourcecode.c.h; path = ViewController.h; sourceTree = "<group>"; };
		260CA2A41B7920660038839F /* ViewController.m */ = {isa = PBXFileReference; lastKnownFileType = sourcecode.c.objc; path = ViewController.m; sourceTree = "<group>"; };
		260CA2A71B7920660038839F /* Base */ = {isa = PBXFileReference; lastKnownFileType = file.storyboard; name = Base; path = Base.lproj/Main.storyboard; sourceTree = "<group>"; };
		260CA2A91B7920660038839F /* Images.xcassets */ = {isa = PBXFileReference; lastKnownFileType = folder.assetcatalog; path = Images.xcassets; sourceTree = "<group>"; };
		260CA2AC1B7920660038839F /* Base */ = {isa = PBXFileReference; lastKnownFileType = file.xib; name = Base; path = Base.lproj/LaunchScreen.xib; sourceTree = "<group>"; };
		260CA2B21B7920660038839F /* PermissionGatewayTests.xctest */ = {isa = PBXFileReference; explicitFileType = wrapper.cfbundle; includeInIndex = 0; path = PermissionGatewayTests.xctest; sourceTree = BUILT_PRODUCTS_DIR; };
		260CA2B71B7920660038839F /* Info.plist */ = {isa = PBXFileReference; lastKnownFileType = text.plist.xml; path = Info.plist; sourceTree = "<group>"; };
		260CA2B81B7920660038839F /* PermissionGatewayTests.m */ = {isa = PBXFileReference; lastKnownFileType = sourcecode.c.objc; path = PermissionGatewayTests.m; sourceTree = "<group>"; };
		260CA2C31B7939010038839F /* PGPermissionGateway.h */ = {isa = PBXFileReference; fileEncoding = 4; lastKnownFileType = sourcecode.c.h; name = PGPermissionGateway.h; path = Framework/PGPermissionGateway.h; sourceTree = "<group>"; };
		260CA2C41B7939010038839F /* PGPermissionGateway.m */ = {isa = PBXFileReference; fileEncoding = 4; lastKnownFileType = sourcecode.c.objc; name = PGPermissionGateway.m; path = Framework/PGPermissionGateway.m; sourceTree = "<group>"; };
		260CA2C61B7939210038839F /* PGPermissionGatewayViewController.h */ = {isa = PBXFileReference; fileEncoding = 4; lastKnownFileType = sourcecode.c.h; name = PGPermissionGatewayViewController.h; path = Framework/PGPermissionGatewayViewController.h; sourceTree = "<group>"; };
		260CA2C71B7939220038839F /* PGPermissionGatewayViewController.m */ = {isa = PBXFileReference; fileEncoding = 4; lastKnownFileType = sourcecode.c.objc; name = PGPermissionGatewayViewController.m; path = Framework/PGPermissionGatewayViewController.m; sourceTree = "<group>"; };
		26499D2A1B7B289A00985D16 /* en */ = {isa = PBXFileReference; lastKnownFileType = text.plist.strings; name = en; path = en.lproj/Localizable.strings; sourceTree = "<group>"; };
		26499D2B1B7B2C2000985D16 /* de */ = {isa = PBXFileReference; lastKnownFileType = text.plist.strings; name = de; path = de.lproj/Localizable.strings; sourceTree = "<group>"; };
		26499D301B7B2C6100985D16 /* ja */ = {isa = PBXFileReference; lastKnownFileType = text.plist.strings; name = ja; path = ja.lproj/Localizable.strings; sourceTree = "<group>"; };
		26499D311B7BBB7000985D16 /* PermissionGateway.storyboard */ = {isa = PBXFileReference; fileEncoding = 4; lastKnownFileType = file.storyboard; name = PermissionGateway.storyboard; path = Framework/PermissionGateway.storyboard; sourceTree = "<group>"; };
		26499D381B7BBB8C00985D16 /* PGPermissionGateway.framework */ = {isa = PBXFileReference; explicitFileType = wrapper.framework; includeInIndex = 0; path = PGPermissionGateway.framework; sourceTree = BUILT_PRODUCTS_DIR; };
		26499D3B1B7BBB8C00985D16 /* Info.plist */ = {isa = PBXFileReference; lastKnownFileType = text.plist.xml; path = Info.plist; sourceTree = "<group>"; };
		26499D3C1B7BBB8C00985D16 /* PGPermissionGateway.h */ = {isa = PBXFileReference; lastKnownFileType = sourcecode.c.h; path = PGPermissionGateway.h; sourceTree = "<group>"; };
		26499D421B7BBB8C00985D16 /* PGPermissionGatewayTests.xctest */ = {isa = PBXFileReference; explicitFileType = wrapper.cfbundle; includeInIndex = 0; path = PGPermissionGatewayTests.xctest; sourceTree = BUILT_PRODUCTS_DIR; };
		26499D4A1B7BBB8C00985D16 /* Info.plist */ = {isa = PBXFileReference; lastKnownFileType = text.plist.xml; path = Info.plist; sourceTree = "<group>"; };
		26499D4B1B7BBB8C00985D16 /* PGPermissionGatewayTests.m */ = {isa = PBXFileReference; lastKnownFileType = sourcecode.c.objc; path = PGPermissionGatewayTests.m; sourceTree = "<group>"; };
		266547A41B7A6B5100476CA3 /* Macros.h */ = {isa = PBXFileReference; lastKnownFileType = sourcecode.c.h; path = Macros.h; sourceTree = "<group>"; };
/* End PBXFileReference section */

/* Begin PBXFrameworksBuildPhase section */
		260CA2961B7920660038839F /* Frameworks */ = {
			isa = PBXFrameworksBuildPhase;
			buildActionMask = 2147483647;
			files = (
				26499D4F1B7BBB8C00985D16 /* PGPermissionGateway.framework in Frameworks */,
			);
			runOnlyForDeploymentPostprocessing = 0;
		};
		260CA2AF1B7920660038839F /* Frameworks */ = {
			isa = PBXFrameworksBuildPhase;
			buildActionMask = 2147483647;
			files = (
			);
			runOnlyForDeploymentPostprocessing = 0;
		};
		26499D341B7BBB8C00985D16 /* Frameworks */ = {
			isa = PBXFrameworksBuildPhase;
			buildActionMask = 2147483647;
			files = (
			);
			runOnlyForDeploymentPostprocessing = 0;
		};
		26499D3F1B7BBB8C00985D16 /* Frameworks */ = {
			isa = PBXFrameworksBuildPhase;
			buildActionMask = 2147483647;
			files = (
				26499D431B7BBB8C00985D16 /* PGPermissionGateway.framework in Frameworks */,
			);
			runOnlyForDeploymentPostprocessing = 0;
		};
/* End PBXFrameworksBuildPhase section */

/* Begin PBXGroup section */
		260CA2901B7920650038839F = {
			isa = PBXGroup;
			children = (
				260CA29B1B7920660038839F /* PermissionGateway */,
				260CA2B51B7920660038839F /* PermissionGatewayTests */,
				26499D391B7BBB8C00985D16 /* PGPermissionGateway */,
				26499D481B7BBB8C00985D16 /* PGPermissionGatewayTests */,
				260CA29A1B7920660038839F /* Products */,
			);
			sourceTree = "<group>";
		};
		260CA29A1B7920660038839F /* Products */ = {
			isa = PBXGroup;
			children = (
				260CA2991B7920660038839F /* PermissionGateway.app */,
				260CA2B21B7920660038839F /* PermissionGatewayTests.xctest */,
				26499D381B7BBB8C00985D16 /* PGPermissionGateway.framework */,
				26499D421B7BBB8C00985D16 /* PGPermissionGatewayTests.xctest */,
			);
			name = Products;
			sourceTree = "<group>";
		};
		260CA29B1B7920660038839F /* PermissionGateway */ = {
			isa = PBXGroup;
			children = (
				26499D5E1B7BBEEF00985D16 /* Framework */,
				266547A41B7A6B5100476CA3 /* Macros.h */,
				260CA2A01B7920660038839F /* AppDelegate.h */,
				260CA2A11B7920660038839F /* AppDelegate.m */,
				260CA2A31B7920660038839F /* ViewController.h */,
				260CA2A41B7920660038839F /* ViewController.m */,
				260CA2A61B7920660038839F /* Main.storyboard */,
				260CA2AB1B7920660038839F /* LaunchScreen.xib */,
				260CA2A91B7920660038839F /* Images.xcassets */,
				260CA29C1B7920660038839F /* Supporting Files */,
			);
			path = PermissionGateway;
			sourceTree = "<group>";
		};
		260CA29C1B7920660038839F /* Supporting Files */ = {
			isa = PBXGroup;
			children = (
				266547A91B7B286B00476CA3 /* Localizable.strings */,
				260CA29D1B7920660038839F /* Info.plist */,
				260CA29E1B7920660038839F /* main.m */,
			);
			name = "Supporting Files";
			sourceTree = "<group>";
		};
		260CA2B51B7920660038839F /* PermissionGatewayTests */ = {
			isa = PBXGroup;
			children = (
				260CA2B81B7920660038839F /* PermissionGatewayTests.m */,
				260CA2B61B7920660038839F /* Supporting Files */,
			);
			path = PermissionGatewayTests;
			sourceTree = "<group>";
		};
		260CA2B61B7920660038839F /* Supporting Files */ = {
			isa = PBXGroup;
			children = (
				260CA2B71B7920660038839F /* Info.plist */,
			);
			name = "Supporting Files";
			sourceTree = "<group>";
		};
		26499D391B7BBB8C00985D16 /* PGPermissionGateway */ = {
			isa = PBXGroup;
			children = (
				26499D3C1B7BBB8C00985D16 /* PGPermissionGateway.h */,
				26499D3A1B7BBB8C00985D16 /* Supporting Files */,
			);
			path = PGPermissionGateway;
			sourceTree = "<group>";
		};
		26499D3A1B7BBB8C00985D16 /* Supporting Files */ = {
			isa = PBXGroup;
			children = (
				26499D3B1B7BBB8C00985D16 /* Info.plist */,
			);
			name = "Supporting Files";
			sourceTree = "<group>";
		};
		26499D481B7BBB8C00985D16 /* PGPermissionGatewayTests */ = {
			isa = PBXGroup;
			children = (
				26499D4B1B7BBB8C00985D16 /* PGPermissionGatewayTests.m */,
				26499D491B7BBB8C00985D16 /* Supporting Files */,
			);
			path = PGPermissionGatewayTests;
			sourceTree = "<group>";
		};
		26499D491B7BBB8C00985D16 /* Supporting Files */ = {
			isa = PBXGroup;
			children = (
				26499D4A1B7BBB8C00985D16 /* Info.plist */,
			);
			name = "Supporting Files";
			sourceTree = "<group>";
		};
		26499D5E1B7BBEEF00985D16 /* Framework */ = {
			isa = PBXGroup;
			children = (
				26499D311B7BBB7000985D16 /* PermissionGateway.storyboard */,
				260CA2C61B7939210038839F /* PGPermissionGatewayViewController.h */,
				260CA2C71B7939220038839F /* PGPermissionGatewayViewController.m */,
				260CA2C31B7939010038839F /* PGPermissionGateway.h */,
				260CA2C41B7939010038839F /* PGPermissionGateway.m */,
			);
			name = Framework;
			sourceTree = "<group>";
		};
/* End PBXGroup section */

/* Begin PBXHeadersBuildPhase section */
		26499D351B7BBB8C00985D16 /* Headers */ = {
			isa = PBXHeadersBuildPhase;
			buildActionMask = 2147483647;
			files = (
				26499D3D1B7BBB8C00985D16 /* PGPermissionGateway.h in Headers */,
				26499D5D1B7BBC1B00985D16 /* PGPermissionGatewayViewController.h in Headers */,
			);
			runOnlyForDeploymentPostprocessing = 0;
		};
/* End PBXHeadersBuildPhase section */

/* Begin PBXNativeTarget section */
		260CA2981B7920660038839F /* PermissionGateway */ = {
			isa = PBXNativeTarget;
			buildConfigurationList = 260CA2BC1B7920660038839F /* Build configuration list for PBXNativeTarget "PermissionGateway" */;
			buildPhases = (
				260CA2951B7920660038839F /* Sources */,
				260CA2961B7920660038839F /* Frameworks */,
				260CA2971B7920660038839F /* Resources */,
				26499D541B7BBB8C00985D16 /* Embed Frameworks */,
			);
			buildRules = (
			);
			dependencies = (
				26499D4E1B7BBB8C00985D16 /* PBXTargetDependency */,
			);
			name = PermissionGateway;
			productName = PermissionGateway;
			productReference = 260CA2991B7920660038839F /* PermissionGateway.app */;
			productType = "com.apple.product-type.application";
		};
		260CA2B11B7920660038839F /* PermissionGatewayTests */ = {
			isa = PBXNativeTarget;
			buildConfigurationList = 260CA2BF1B7920660038839F /* Build configuration list for PBXNativeTarget "PermissionGatewayTests" */;
			buildPhases = (
				260CA2AE1B7920660038839F /* Sources */,
				260CA2AF1B7920660038839F /* Frameworks */,
				260CA2B01B7920660038839F /* Resources */,
			);
			buildRules = (
			);
			dependencies = (
				260CA2B41B7920660038839F /* PBXTargetDependency */,
			);
			name = PermissionGatewayTests;
			productName = PermissionGatewayTests;
			productReference = 260CA2B21B7920660038839F /* PermissionGatewayTests.xctest */;
			productType = "com.apple.product-type.bundle.unit-test";
		};
		26499D371B7BBB8C00985D16 /* PGPermissionGateway */ = {
			isa = PBXNativeTarget;
			buildConfigurationList = 26499D511B7BBB8C00985D16 /* Build configuration list for PBXNativeTarget "PGPermissionGateway" */;
			buildPhases = (
				26499D331B7BBB8C00985D16 /* Sources */,
				26499D341B7BBB8C00985D16 /* Frameworks */,
				26499D351B7BBB8C00985D16 /* Headers */,
				26499D361B7BBB8C00985D16 /* Resources */,
			);
			buildRules = (
			);
			dependencies = (
			);
			name = PGPermissionGateway;
			productName = PGPermissionGateway;
			productReference = 26499D381B7BBB8C00985D16 /* PGPermissionGateway.framework */;
			productType = "com.apple.product-type.framework";
		};
		26499D411B7BBB8C00985D16 /* PGPermissionGatewayTests */ = {
			isa = PBXNativeTarget;
			buildConfigurationList = 26499D551B7BBB8C00985D16 /* Build configuration list for PBXNativeTarget "PGPermissionGatewayTests" */;
			buildPhases = (
				26499D3E1B7BBB8C00985D16 /* Sources */,
				26499D3F1B7BBB8C00985D16 /* Frameworks */,
				26499D401B7BBB8C00985D16 /* Resources */,
			);
			buildRules = (
			);
			dependencies = (
				26499D451B7BBB8C00985D16 /* PBXTargetDependency */,
				26499D471B7BBB8C00985D16 /* PBXTargetDependency */,
			);
			name = PGPermissionGatewayTests;
			productName = PGPermissionGatewayTests;
			productReference = 26499D421B7BBB8C00985D16 /* PGPermissionGatewayTests.xctest */;
			productType = "com.apple.product-type.bundle.unit-test";
		};
/* End PBXNativeTarget section */

/* Begin PBXProject section */
		260CA2911B7920650038839F /* Project object */ = {
			isa = PBXProject;
			attributes = {
				LastUpgradeCheck = 0640;
				ORGANIZATIONNAME = "Brennan Stehling";
				TargetAttributes = {
					260CA2981B7920660038839F = {
						CreatedOnToolsVersion = 6.4;
						DevelopmentTeam = M3FCT79SM9;
						SystemCapabilities = {
							com.apple.BackgroundModes = {
								enabled = 1;
							};
						};
					};
					260CA2B11B7920660038839F = {
						CreatedOnToolsVersion = 6.4;
						TestTargetID = 260CA2981B7920660038839F;
					};
					26499D371B7BBB8C00985D16 = {
						CreatedOnToolsVersion = 6.4;
					};
					26499D411B7BBB8C00985D16 = {
						CreatedOnToolsVersion = 6.4;
						TestTargetID = 260CA2981B7920660038839F;
					};
				};
			};
			buildConfigurationList = 260CA2941B7920650038839F /* Build configuration list for PBXProject "PermissionGateway" */;
			compatibilityVersion = "Xcode 3.2";
			developmentRegion = English;
			hasScannedForEncodings = 0;
			knownRegions = (
				en,
				Base,
				de,
				ja,
			);
			mainGroup = 260CA2901B7920650038839F;
			productRefGroup = 260CA29A1B7920660038839F /* Products */;
			projectDirPath = "";
			projectRoot = "";
			targets = (
				260CA2981B7920660038839F /* PermissionGateway */,
				260CA2B11B7920660038839F /* PermissionGatewayTests */,
				26499D371B7BBB8C00985D16 /* PGPermissionGateway */,
				26499D411B7BBB8C00985D16 /* PGPermissionGatewayTests */,
			);
		};
/* End PBXProject section */

/* Begin PBXResourcesBuildPhase section */
		260CA2971B7920660038839F /* Resources */ = {
			isa = PBXResourcesBuildPhase;
			buildActionMask = 2147483647;
			files = (
				260CA2A81B7920660038839F /* Main.storyboard in Resources */,
				266547A71B7B286B00476CA3 /* Localizable.strings in Resources */,
				260CA2AD1B7920660038839F /* LaunchScreen.xib in Resources */,
				260CA2AA1B7920660038839F /* Images.xcassets in Resources */,
			);
			runOnlyForDeploymentPostprocessing = 0;
		};
		260CA2B01B7920660038839F /* Resources */ = {
			isa = PBXResourcesBuildPhase;
			buildActionMask = 2147483647;
			files = (
			);
			runOnlyForDeploymentPostprocessing = 0;
		};
		26499D361B7BBB8C00985D16 /* Resources */ = {
			isa = PBXResourcesBuildPhase;
			buildActionMask = 2147483647;
			files = (
				26499D5C1B7BBBA600985D16 /* PermissionGateway.storyboard in Resources */,
			);
			runOnlyForDeploymentPostprocessing = 0;
		};
		26499D401B7BBB8C00985D16 /* Resources */ = {
			isa = PBXResourcesBuildPhase;
			buildActionMask = 2147483647;
			files = (
			);
			runOnlyForDeploymentPostprocessing = 0;
		};
/* End PBXResourcesBuildPhase section */

/* Begin PBXSourcesBuildPhase section */
		260CA2951B7920660038839F /* Sources */ = {
			isa = PBXSourcesBuildPhase;
			buildActionMask = 2147483647;
			files = (
				260CA2A51B7920660038839F /* ViewController.m in Sources */,
				260CA2A21B7920660038839F /* AppDelegate.m in Sources */,
				260CA29F1B7920660038839F /* main.m in Sources */,
			);
			runOnlyForDeploymentPostprocessing = 0;
		};
		260CA2AE1B7920660038839F /* Sources */ = {
			isa = PBXSourcesBuildPhase;
			buildActionMask = 2147483647;
			files = (
				260CA2B91B7920660038839F /* PermissionGatewayTests.m in Sources */,
			);
			runOnlyForDeploymentPostprocessing = 0;
		};
		26499D331B7BBB8C00985D16 /* Sources */ = {
			isa = PBXSourcesBuildPhase;
			buildActionMask = 2147483647;
			files = (
				26499D5B1B7BBBA600985D16 /* PGPermissionGateway.m in Sources */,
				26499D591B7BBBA600985D16 /* PGPermissionGatewayViewController.m in Sources */,
			);
			runOnlyForDeploymentPostprocessing = 0;
		};
		26499D3E1B7BBB8C00985D16 /* Sources */ = {
			isa = PBXSourcesBuildPhase;
			buildActionMask = 2147483647;
			files = (
				26499D4C1B7BBB8C00985D16 /* PGPermissionGatewayTests.m in Sources */,
			);
			runOnlyForDeploymentPostprocessing = 0;
		};
/* End PBXSourcesBuildPhase section */

/* Begin PBXTargetDependency section */
		260CA2B41B7920660038839F /* PBXTargetDependency */ = {
			isa = PBXTargetDependency;
			target = 260CA2981B7920660038839F /* PermissionGateway */;
			targetProxy = 260CA2B31B7920660038839F /* PBXContainerItemProxy */;
		};
		26499D451B7BBB8C00985D16 /* PBXTargetDependency */ = {
			isa = PBXTargetDependency;
			target = 26499D371B7BBB8C00985D16 /* PGPermissionGateway */;
			targetProxy = 26499D441B7BBB8C00985D16 /* PBXContainerItemProxy */;
		};
		26499D471B7BBB8C00985D16 /* PBXTargetDependency */ = {
			isa = PBXTargetDependency;
			target = 260CA2981B7920660038839F /* PermissionGateway */;
			targetProxy = 26499D461B7BBB8C00985D16 /* PBXContainerItemProxy */;
		};
		26499D4E1B7BBB8C00985D16 /* PBXTargetDependency */ = {
			isa = PBXTargetDependency;
			target = 26499D371B7BBB8C00985D16 /* PGPermissionGateway */;
			targetProxy = 26499D4D1B7BBB8C00985D16 /* PBXContainerItemProxy */;
		};
/* End PBXTargetDependency section */

/* Begin PBXVariantGroup section */
		260CA2A61B7920660038839F /* Main.storyboard */ = {
			isa = PBXVariantGroup;
			children = (
				260CA2A71B7920660038839F /* Base */,
			);
			name = Main.storyboard;
			sourceTree = "<group>";
		};
		260CA2AB1B7920660038839F /* LaunchScreen.xib */ = {
			isa = PBXVariantGroup;
			children = (
				260CA2AC1B7920660038839F /* Base */,
			);
			name = LaunchScreen.xib;
			sourceTree = "<group>";
		};
		266547A91B7B286B00476CA3 /* Localizable.strings */ = {
			isa = PBXVariantGroup;
			children = (
				26499D2A1B7B289A00985D16 /* en */,
				26499D2B1B7B2C2000985D16 /* de */,
				26499D301B7B2C6100985D16 /* ja */,
			);
			name = Localizable.strings;
			sourceTree = "<group>";
		};
/* End PBXVariantGroup section */

/* Begin XCBuildConfiguration section */
		260CA2BA1B7920660038839F /* Debug */ = {
			isa = XCBuildConfiguration;
			buildSettings = {
				ALWAYS_SEARCH_USER_PATHS = NO;
				CLANG_CXX_LANGUAGE_STANDARD = "gnu++0x";
				CLANG_CXX_LIBRARY = "libc++";
				CLANG_ENABLE_MODULES = YES;
				CLANG_ENABLE_OBJC_ARC = YES;
				CLANG_WARN_BOOL_CONVERSION = YES;
				CLANG_WARN_CONSTANT_CONVERSION = YES;
				CLANG_WARN_DIRECT_OBJC_ISA_USAGE = YES_ERROR;
				CLANG_WARN_EMPTY_BODY = YES;
				CLANG_WARN_ENUM_CONVERSION = YES;
				CLANG_WARN_INT_CONVERSION = YES;
				CLANG_WARN_OBJC_ROOT_CLASS = YES_ERROR;
				CLANG_WARN_UNREACHABLE_CODE = YES;
				CLANG_WARN__DUPLICATE_METHOD_MATCH = YES;
				"CODE_SIGN_IDENTITY[sdk=iphoneos*]" = "iPhone Developer";
				COPY_PHASE_STRIP = NO;
				DEBUG_INFORMATION_FORMAT = "dwarf-with-dsym";
				ENABLE_STRICT_OBJC_MSGSEND = YES;
				GCC_C_LANGUAGE_STANDARD = gnu99;
				GCC_DYNAMIC_NO_PIC = NO;
				GCC_NO_COMMON_BLOCKS = YES;
				GCC_OPTIMIZATION_LEVEL = 0;
				GCC_PREPROCESSOR_DEFINITIONS = (
					"DEBUG=1",
					"$(inherited)",
				);
				GCC_SYMBOLS_PRIVATE_EXTERN = NO;
				GCC_WARN_64_TO_32_BIT_CONVERSION = YES;
				GCC_WARN_ABOUT_RETURN_TYPE = YES_ERROR;
				GCC_WARN_UNDECLARED_SELECTOR = YES;
				GCC_WARN_UNINITIALIZED_AUTOS = YES_AGGRESSIVE;
				GCC_WARN_UNUSED_FUNCTION = YES;
				GCC_WARN_UNUSED_VARIABLE = YES;
				IPHONEOS_DEPLOYMENT_TARGET = 8.4;
				MTL_ENABLE_DEBUG_INFO = YES;
				ONLY_ACTIVE_ARCH = YES;
				SDKROOT = iphoneos;
				TARGETED_DEVICE_FAMILY = "1,2";
			};
			name = Debug;
		};
		260CA2BB1B7920660038839F /* Release */ = {
			isa = XCBuildConfiguration;
			buildSettings = {
				ALWAYS_SEARCH_USER_PATHS = NO;
				CLANG_CXX_LANGUAGE_STANDARD = "gnu++0x";
				CLANG_CXX_LIBRARY = "libc++";
				CLANG_ENABLE_MODULES = YES;
				CLANG_ENABLE_OBJC_ARC = YES;
				CLANG_WARN_BOOL_CONVERSION = YES;
				CLANG_WARN_CONSTANT_CONVERSION = YES;
				CLANG_WARN_DIRECT_OBJC_ISA_USAGE = YES_ERROR;
				CLANG_WARN_EMPTY_BODY = YES;
				CLANG_WARN_ENUM_CONVERSION = YES;
				CLANG_WARN_INT_CONVERSION = YES;
				CLANG_WARN_OBJC_ROOT_CLASS = YES_ERROR;
				CLANG_WARN_UNREACHABLE_CODE = YES;
				CLANG_WARN__DUPLICATE_METHOD_MATCH = YES;
				"CODE_SIGN_IDENTITY[sdk=iphoneos*]" = "iPhone Developer";
				COPY_PHASE_STRIP = NO;
				DEBUG_INFORMATION_FORMAT = "dwarf-with-dsym";
				ENABLE_NS_ASSERTIONS = NO;
				ENABLE_STRICT_OBJC_MSGSEND = YES;
				GCC_C_LANGUAGE_STANDARD = gnu99;
				GCC_NO_COMMON_BLOCKS = YES;
				GCC_WARN_64_TO_32_BIT_CONVERSION = YES;
				GCC_WARN_ABOUT_RETURN_TYPE = YES_ERROR;
				GCC_WARN_UNDECLARED_SELECTOR = YES;
				GCC_WARN_UNINITIALIZED_AUTOS = YES_AGGRESSIVE;
				GCC_WARN_UNUSED_FUNCTION = YES;
				GCC_WARN_UNUSED_VARIABLE = YES;
				IPHONEOS_DEPLOYMENT_TARGET = 8.4;
				MTL_ENABLE_DEBUG_INFO = NO;
				SDKROOT = iphoneos;
				TARGETED_DEVICE_FAMILY = "1,2";
				VALIDATE_PRODUCT = YES;
			};
			name = Release;
		};
		260CA2BD1B7920660038839F /* Debug */ = {
			isa = XCBuildConfiguration;
			buildSettings = {
				ASSETCATALOG_COMPILER_APPICON_NAME = AppIcon;
				CODE_SIGN_IDENTITY = "iPhone Developer";
				INFOPLIST_FILE = PermissionGateway/Info.plist;
				IPHONEOS_DEPLOYMENT_TARGET = 8.0;
				LD_RUNPATH_SEARCH_PATHS = "$(inherited) @executable_path/Frameworks";
				PRODUCT_NAME = "$(TARGET_NAME)";
			};
			name = Debug;
		};
		260CA2BE1B7920660038839F /* Release */ = {
			isa = XCBuildConfiguration;
			buildSettings = {
				ASSETCATALOG_COMPILER_APPICON_NAME = AppIcon;
				CODE_SIGN_IDENTITY = "iPhone Developer";
				INFOPLIST_FILE = PermissionGateway/Info.plist;
				IPHONEOS_DEPLOYMENT_TARGET = 8.0;
				LD_RUNPATH_SEARCH_PATHS = "$(inherited) @executable_path/Frameworks";
				PRODUCT_NAME = "$(TARGET_NAME)";
			};
			name = Release;
		};
		260CA2C01B7920660038839F /* Debug */ = {
			isa = XCBuildConfiguration;
			buildSettings = {
				BUNDLE_LOADER = "$(TEST_HOST)";
				FRAMEWORK_SEARCH_PATHS = (
					"$(SDKROOT)/Developer/Library/Frameworks",
					"$(inherited)",
				);
				GCC_PREPROCESSOR_DEFINITIONS = (
					"DEBUG=1",
					"$(inherited)",
				);
				INFOPLIST_FILE = PermissionGatewayTests/Info.plist;
				LD_RUNPATH_SEARCH_PATHS = "$(inherited) @executable_path/Frameworks @loader_path/Frameworks";
				PRODUCT_NAME = "$(TARGET_NAME)";
				TEST_HOST = "$(BUILT_PRODUCTS_DIR)/PermissionGateway.app/PermissionGateway";
			};
			name = Debug;
		};
		260CA2C11B7920660038839F /* Release */ = {
			isa = XCBuildConfiguration;
			buildSettings = {
				BUNDLE_LOADER = "$(TEST_HOST)";
				FRAMEWORK_SEARCH_PATHS = (
					"$(SDKROOT)/Developer/Library/Frameworks",
					"$(inherited)",
				);
				INFOPLIST_FILE = PermissionGatewayTests/Info.plist;
				LD_RUNPATH_SEARCH_PATHS = "$(inherited) @executable_path/Frameworks @loader_path/Frameworks";
				PRODUCT_NAME = "$(TARGET_NAME)";
				TEST_HOST = "$(BUILT_PRODUCTS_DIR)/PermissionGateway.app/PermissionGateway";
			};
			name = Release;
		};
		26499D521B7BBB8C00985D16 /* Debug */ = {
			isa = XCBuildConfiguration;
			buildSettings = {
				CURRENT_PROJECT_VERSION = 1;
				DEFINES_MODULE = YES;
				DYLIB_COMPATIBILITY_VERSION = 1;
				DYLIB_CURRENT_VERSION = 1;
				DYLIB_INSTALL_NAME_BASE = "@rpath";
				GCC_PREPROCESSOR_DEFINITIONS = (
					"DEBUG=1",
					"$(inherited)",
				);
				INFOPLIST_FILE = PGPermissionGateway/Info.plist;
				INSTALL_PATH = "$(LOCAL_LIBRARY_DIR)/Frameworks";
				LD_RUNPATH_SEARCH_PATHS = "$(inherited) @executable_path/Frameworks @loader_path/Frameworks";
				PRODUCT_NAME = "$(TARGET_NAME)";
				SKIP_INSTALL = YES;
				VERSIONING_SYSTEM = "apple-generic";
				VERSION_INFO_PREFIX = "";
			};
			name = Debug;
		};
		26499D531B7BBB8C00985D16 /* Release */ = {
			isa = XCBuildConfiguration;
			buildSettings = {
				CURRENT_PROJECT_VERSION = 1;
				DEFINES_MODULE = YES;
				DYLIB_COMPATIBILITY_VERSION = 1;
				DYLIB_CURRENT_VERSION = 1;
				DYLIB_INSTALL_NAME_BASE = "@rpath";
				INFOPLIST_FILE = PGPermissionGateway/Info.plist;
				INSTALL_PATH = "$(LOCAL_LIBRARY_DIR)/Frameworks";
				LD_RUNPATH_SEARCH_PATHS = "$(inherited) @executable_path/Frameworks @loader_path/Frameworks";
				PRODUCT_NAME = "$(TARGET_NAME)";
				SKIP_INSTALL = YES;
				VERSIONING_SYSTEM = "apple-generic";
				VERSION_INFO_PREFIX = "";
			};
			name = Release;
		};
		26499D561B7BBB8C00985D16 /* Debug */ = {
			isa = XCBuildConfiguration;
			buildSettings = {
				FRAMEWORK_SEARCH_PATHS = (
					"$(SDKROOT)/Developer/Library/Frameworks",
					"$(inherited)",
				);
				GCC_PREPROCESSOR_DEFINITIONS = (
					"DEBUG=1",
					"$(inherited)",
				);
				INFOPLIST_FILE = PGPermissionGatewayTests/Info.plist;
				LD_RUNPATH_SEARCH_PATHS = "$(inherited) @executable_path/Frameworks @loader_path/Frameworks";
				PRODUCT_NAME = "$(TARGET_NAME)";
				TEST_HOST = "$(BUILT_PRODUCTS_DIR)/PermissionGateway.app/PermissionGateway";
			};
			name = Debug;
		};
		26499D571B7BBB8C00985D16 /* Release */ = {
			isa = XCBuildConfiguration;
			buildSettings = {
				FRAMEWORK_SEARCH_PATHS = (
					"$(SDKROOT)/Developer/Library/Frameworks",
					"$(inherited)",
				);
				INFOPLIST_FILE = PGPermissionGatewayTests/Info.plist;
				LD_RUNPATH_SEARCH_PATHS = "$(inherited) @executable_path/Frameworks @loader_path/Frameworks";
				PRODUCT_NAME = "$(TARGET_NAME)";
				TEST_HOST = "$(BUILT_PRODUCTS_DIR)/PermissionGateway.app/PermissionGateway";
			};
			name = Release;
		};
/* End XCBuildConfiguration section */

/* Begin XCConfigurationList section */
		260CA2941B7920650038839F /* Build configuration list for PBXProject "PermissionGateway" */ = {
			isa = XCConfigurationList;
			buildConfigurations = (
				260CA2BA1B7920660038839F /* Debug */,
				260CA2BB1B7920660038839F /* Release */,
			);
			defaultConfigurationIsVisible = 0;
			defaultConfigurationName = Release;
		};
		260CA2BC1B7920660038839F /* Build configuration list for PBXNativeTarget "PermissionGateway" */ = {
			isa = XCConfigurationList;
			buildConfigurations = (
				260CA2BD1B7920660038839F /* Debug */,
				260CA2BE1B7920660038839F /* Release */,
			);
			defaultConfigurationIsVisible = 0;
			defaultConfigurationName = Release;
		};
		260CA2BF1B7920660038839F /* Build configuration list for PBXNativeTarget "PermissionGatewayTests" */ = {
			isa = XCConfigurationList;
			buildConfigurations = (
				260CA2C01B7920660038839F /* Debug */,
				260CA2C11B7920660038839F /* Release */,
			);
			defaultConfigurationIsVisible = 0;
			defaultConfigurationName = Release;
		};
		26499D511B7BBB8C00985D16 /* Build configuration list for PBXNativeTarget "PGPermissionGateway" */ = {
			isa = XCConfigurationList;
			buildConfigurations = (
				26499D521B7BBB8C00985D16 /* Debug */,
				26499D531B7BBB8C00985D16 /* Release */,
			);
			defaultConfigurationIsVisible = 0;
			defaultConfigurationName = Release;
		};
		26499D551B7BBB8C00985D16 /* Build configuration list for PBXNativeTarget "PGPermissionGatewayTests" */ = {
			isa = XCConfigurationList;
			buildConfigurations = (
				26499D561B7BBB8C00985D16 /* Debug */,
				26499D571B7BBB8C00985D16 /* Release */,
			);
			defaultConfigurationIsVisible = 0;
			defaultConfigurationName = Release;
		};
/* End XCConfigurationList section */
	};
	rootObject = 260CA2911B7920650038839F /* Project object */;
}
